{
  "nodes": {
    "dracula-nvim": {
      "flake": false,
      "locked": {
        "lastModified": 1730297802,
        "narHash": "sha256-4xMoyW3ZY5vQCGPS0GOlxlqjgV/kZ5lzRUTUnEjyWrE=",
        "owner": "maxmx03",
        "repo": "dracula.nvim",
        "rev": "7fadc372bbb9638c19a18c2497167d854cdd6a19",
        "type": "github"
      },
      "original": {
        "owner": "maxmx03",
        "repo": "dracula.nvim",
        "rev": "7fadc372bbb9638c19a18c2497167d854cdd6a19",
        "type": "github"
      }
    },
    "nixpkgs": {
      "locked": {
        "lastModified": 1790450978,
        "narHash": "sha256-/eLCD/X9kaWJqPR47+fDozEC87Hjmm3i8gJbYmDAD7g=",
        "owner": "NixOS",
        "repo": "nixpkgs",
        "rev": "5e2305d577ca00acbba631b05cb1094d172b29f3",
        "type": "github"
      },
      "original": {
        "owner": "NixOS",
        "ref": "nixos-26.05",
        "repo": "nixpkgs",
        "type": "github"
      }
    },
    "root": {
      "inputs": {
        "dracula-nvim": "dracula-nvim",
        "nixpkgs": "nixpkgs"
      }
    }
  },
  "root": "root",
  "version": 7
}
